// !$*UTF8*$!
{
	archiveVersion = 1;
	classes = {
	};
	objectVersion = 56;
	objects = {

/* Begin PBXBuildFile section */
		760F2D8A2A72573D00515C8D /* Login.swift in Sources */ = {isa = PBXBuildFile; fileRef = 760F2D892A72573D00515C8D /* Login.swift */; };
		760F2D8C2A725BA200515C8D /* Validator.swift in Sources */ = {isa = PBXBuildFile; fileRef = 760F2D8B2A725BA200515C8D /* Validator.swift */; };
		761AE91D2A69112D009907B9 /* APICaller.swift in Sources */ = {isa = PBXBuildFile; fileRef = 761AE91C2A69112D009907B9 /* APICaller.swift */; };
		761AE9202A6911C2009907B9 /* AppConfig.swift in Sources */ = {isa = PBXBuildFile; fileRef = 761AE91F2A6911C2009907B9 /* AppConfig.swift */; };
		762A4D9D2A924054004C17F1 /* HomeViewController.swift in Sources */ = {isa = PBXBuildFile; fileRef = 762A4D9C2A924054004C17F1 /* HomeViewController.swift */; };
		762A4D9F2A924064004C17F1 /* LottoViewController.swift in Sources */ = {isa = PBXBuildFile; fileRef = 762A4D9E2A924064004C17F1 /* LottoViewController.swift */; };
		762A4DA12A924071004C17F1 /* MySettingViewController.swift in Sources */ = {isa = PBXBuildFile; fileRef = 762A4DA02A924071004C17F1 /* MySettingViewController.swift */; };
		764D869B2A7E27A5003C5B05 /* AuthType.swift in Sources */ = {isa = PBXBuildFile; fileRef = 764D869A2A7E27A5003C5B05 /* AuthType.swift */; };
		768787932A73B6200007EC8D /* MainTabBarController.swift in Sources */ = {isa = PBXBuildFile; fileRef = 768787922A73B6200007EC8D /* MainTabBarController.swift */; };
		769965A92A7A24950024FE6E /* FindUserViewController.swift in Sources */ = {isa = PBXBuildFile; fileRef = 769965A82A7A24950024FE6E /* FindUserViewController.swift */; };
		769965AB2A7A2AEB0024FE6E /* CustomNavigationBar.swift in Sources */ = {isa = PBXBuildFile; fileRef = 769965AA2A7A2AEB0024FE6E /* CustomNavigationBar.swift */; };
		769A2B062A74D2CC00BF86D6 /* Keychain.swift in Sources */ = {isa = PBXBuildFile; fileRef = 769A2B052A74D2CC00BF86D6 /* Keychain.swift */; };
		76A92C192A5DA4D9009B5CD1 /* SignupViewController.swift in Sources */ = {isa = PBXBuildFile; fileRef = 76A92C182A5DA4D9009B5CD1 /* SignupViewController.swift */; };
		76ADCB5A2A6FB38B007C39C8 /* Alert.swift in Sources */ = {isa = PBXBuildFile; fileRef = 76ADCB592A6FB38B007C39C8 /* Alert.swift */; };
		76ADCB5F2A6FBC9D007C39C8 /* Signup.swift in Sources */ = {isa = PBXBuildFile; fileRef = 76ADCB5E2A6FBC9D007C39C8 /* Signup.swift */; };
		76BD8B322A6E353B0087E31E /* Response.swift in Sources */ = {isa = PBXBuildFile; fileRef = 76BD8B312A6E353B0087E31E /* Response.swift */; };
		76D83B312A823929003E7AF5 /* FindEmail.swift in Sources */ = {isa = PBXBuildFile; fileRef = 76D83B302A823929003E7AF5 /* FindEmail.swift */; };
		76DC4BC22A7D1C7B00240078 /* KeyboardAdjustments.swift in Sources */ = {isa = PBXBuildFile; fileRef = 76DC4BC12A7D1C7B00240078 /* KeyboardAdjustments.swift */; };
		76E0EBFC2A778D3E00F5C4B8 /* UserDefaults.swift in Sources */ = {isa = PBXBuildFile; fileRef = 76E0EBFB2A778D3E00F5C4B8 /* UserDefaults.swift */; };
		76E2B2372A53A796009333A9 /* AppDelegate.swift in Sources */ = {isa = PBXBuildFile; fileRef = 76E2B2362A53A796009333A9 /* AppDelegate.swift */; };
		76E2B2392A53A796009333A9 /* SceneDelegate.swift in Sources */ = {isa = PBXBuildFile; fileRef = 76E2B2382A53A796009333A9 /* SceneDelegate.swift */; };
		76E2B23B2A53A796009333A9 /* LoginViewController.swift in Sources */ = {isa = PBXBuildFile; fileRef = 76E2B23A2A53A796009333A9 /* LoginViewController.swift */; };
		76E2B23E2A53A796009333A9 /* Main.storyboard in Resources */ = {isa = PBXBuildFile; fileRef = 76E2B23C2A53A796009333A9 /* Main.storyboard */; };
		76E2B2412A53A796009333A9 /* MyLottoManager.xcdatamodeld in Sources */ = {isa = PBXBuildFile; fileRef = 76E2B23F2A53A796009333A9 /* MyLottoManager.xcdatamodeld */; };
		76E2B2432A53A798009333A9 /* Assets.xcassets in Resources */ = {isa = PBXBuildFile; fileRef = 76E2B2422A53A798009333A9 /* Assets.xcassets */; };
		76E2B2462A53A798009333A9 /* LaunchScreen.storyboard in Resources */ = {isa = PBXBuildFile; fileRef = 76E2B2442A53A798009333A9 /* LaunchScreen.storyboard */; };
		76E2B2512A53A798009333A9 /* MyLottoManagerTests.swift in Sources */ = {isa = PBXBuildFile; fileRef = 76E2B2502A53A798009333A9 /* MyLottoManagerTests.swift */; };
		76E2B25B2A53A798009333A9 /* MyLottoManagerUITests.swift in Sources */ = {isa = PBXBuildFile; fileRef = 76E2B25A2A53A798009333A9 /* MyLottoManagerUITests.swift */; };
		76E2B25D2A53A798009333A9 /* MyLottoManagerUITestsLaunchTests.swift in Sources */ = {isa = PBXBuildFile; fileRef = 76E2B25C2A53A798009333A9 /* MyLottoManagerUITestsLaunchTests.swift */; };
/* End PBXBuildFile section */

/* Begin PBXContainerItemProxy section */
		76E2B24D2A53A798009333A9 /* PBXContainerItemProxy */ = {
			isa = PBXContainerItemProxy;
			containerPortal = 76E2B22B2A53A796009333A9 /* Project object */;
			proxyType = 1;
			remoteGlobalIDString = 76E2B2322A53A796009333A9;
			remoteInfo = MyLottoManager;
		};
		76E2B2572A53A798009333A9 /* PBXContainerItemProxy */ = {
			isa = PBXContainerItemProxy;
			containerPortal = 76E2B22B2A53A796009333A9 /* Project object */;
			proxyType = 1;
			remoteGlobalIDString = 76E2B2322A53A796009333A9;
			remoteInfo = MyLottoManager;
		};
/* End PBXContainerItemProxy section */

/* Begin PBXFileReference section */
		760F2D892A72573D00515C8D /* Login.swift */ = {isa = PBXFileReference; lastKnownFileType = sourcecode.swift; path = Login.swift; sourceTree = "<group>"; };
		760F2D8B2A725BA200515C8D /* Validator.swift */ = {isa = PBXFileReference; lastKnownFileType = sourcecode.swift; path = Validator.swift; sourceTree = "<group>"; };
		761AE91C2A69112D009907B9 /* APICaller.swift */ = {isa = PBXFileReference; lastKnownFileType = sourcecode.swift; path = APICaller.swift; sourceTree = "<group>"; };
		761AE91F2A6911C2009907B9 /* AppConfig.swift */ = {isa = PBXFileReference; lastKnownFileType = sourcecode.swift; path = AppConfig.swift; sourceTree = "<group>"; };
		762A4D9C2A924054004C17F1 /* HomeViewController.swift */ = {isa = PBXFileReference; lastKnownFileType = sourcecode.swift; path = HomeViewController.swift; sourceTree = "<group>"; };
		762A4D9E2A924064004C17F1 /* LottoViewController.swift */ = {isa = PBXFileReference; lastKnownFileType = sourcecode.swift; path = LottoViewController.swift; sourceTree = "<group>"; };
		762A4DA02A924071004C17F1 /* MySettingViewController.swift */ = {isa = PBXFileReference; lastKnownFileType = sourcecode.swift; path = MySettingViewController.swift; sourceTree = "<group>"; };
		764D869A2A7E27A5003C5B05 /* AuthType.swift */ = {isa = PBXFileReference; lastKnownFileType = sourcecode.swift; path = AuthType.swift; sourceTree = "<group>"; };
		768787922A73B6200007EC8D /* MainTabBarController.swift */ = {isa = PBXFileReference; lastKnownFileType = sourcecode.swift; path = MainTabBarController.swift; sourceTree = "<group>"; };
		769965A82A7A24950024FE6E /* FindUserViewController.swift */ = {isa = PBXFileReference; lastKnownFileType = sourcecode.swift; path = FindUserViewController.swift; sourceTree = "<group>"; };
		769965AA2A7A2AEB0024FE6E /* CustomNavigationBar.swift */ = {isa = PBXFileReference; lastKnownFileType = sourcecode.swift; path = CustomNavigationBar.swift; sourceTree = "<group>"; };
		769A2B052A74D2CC00BF86D6 /* Keychain.swift */ = {isa = PBXFileReference; lastKnownFileType = sourcecode.swift; path = Keychain.swift; sourceTree = "<group>"; };
		76A92C182A5DA4D9009B5CD1 /* SignupViewController.swift */ = {isa = PBXFileReference; lastKnownFileType = sourcecode.swift; path = SignupViewController.swift; sourceTree = "<group>"; };
		76ADCB592A6FB38B007C39C8 /* Alert.swift */ = {isa = PBXFileReference; lastKnownFileType = sourcecode.swift; path = Alert.swift; sourceTree = "<group>"; };
		76ADCB5E2A6FBC9D007C39C8 /* Signup.swift */ = {isa = PBXFileReference; lastKnownFileType = sourcecode.swift; path = Signup.swift; sourceTree = "<group>"; };
		76BD8B312A6E353B0087E31E /* Response.swift */ = {isa = PBXFileReference; lastKnownFileType = sourcecode.swift; path = Response.swift; sourceTree = "<group>"; };
		76D83B302A823929003E7AF5 /* FindEmail.swift */ = {isa = PBXFileReference; lastKnownFileType = sourcecode.swift; path = FindEmail.swift; sourceTree = "<group>"; };
		76DC4BC12A7D1C7B00240078 /* KeyboardAdjustments.swift */ = {isa = PBXFileReference; lastKnownFileType = sourcecode.swift; path = KeyboardAdjustments.swift; sourceTree = "<group>"; };
		76E0EBFB2A778D3E00F5C4B8 /* UserDefaults.swift */ = {isa = PBXFileReference; lastKnownFileType = sourcecode.swift; path = UserDefaults.swift; sourceTree = "<group>"; };
		76E2B2332A53A796009333A9 /* MyLottoManager.app */ = {isa = PBXFileReference; explicitFileType = wrapper.application; includeInIndex = 0; path = MyLottoManager.app; sourceTree = BUILT_PRODUCTS_DIR; };
		76E2B2362A53A796009333A9 /* AppDelegate.swift */ = {isa = PBXFileReference; lastKnownFileType = sourcecode.swift; path = AppDelegate.swift; sourceTree = "<group>"; };
		76E2B2382A53A796009333A9 /* SceneDelegate.swift */ = {isa = PBXFileReference; lastKnownFileType = sourcecode.swift; path = SceneDelegate.swift; sourceTree = "<group>"; };
		76E2B23A2A53A796009333A9 /* LoginViewController.swift */ = {isa = PBXFileReference; lastKnownFileType = sourcecode.swift; path = LoginViewController.swift; sourceTree = "<group>"; };
		76E2B23D2A53A796009333A9 /* Base */ = {isa = PBXFileReference; lastKnownFileType = file.storyboard; name = Base; path = Base.lproj/Main.storyboard; sourceTree = "<group>"; };
		76E2B2402A53A796009333A9 /* MyLottoManager.xcdatamodel */ = {isa = PBXFileReference; lastKnownFileType = wrapper.xcdatamodel; path = MyLottoManager.xcdatamodel; sourceTree = "<group>"; };
		76E2B2422A53A798009333A9 /* Assets.xcassets */ = {isa = PBXFileReference; lastKnownFileType = folder.assetcatalog; path = Assets.xcassets; sourceTree = "<group>"; };
		76E2B2452A53A798009333A9 /* Base */ = {isa = PBXFileReference; lastKnownFileType = file.storyboard; name = Base; path = Base.lproj/LaunchScreen.storyboard; sourceTree = "<group>"; };
		76E2B2472A53A798009333A9 /* Info.plist */ = {isa = PBXFileReference; lastKnownFileType = text.plist.xml; path = Info.plist; sourceTree = "<group>"; };
		76E2B24C2A53A798009333A9 /* MyLottoManagerTests.xctest */ = {isa = PBXFileReference; explicitFileType = wrapper.cfbundle; includeInIndex = 0; path = MyLottoManagerTests.xctest; sourceTree = BUILT_PRODUCTS_DIR; };
		76E2B2502A53A798009333A9 /* MyLottoManagerTests.swift */ = {isa = PBXFileReference; lastKnownFileType = sourcecode.swift; path = MyLottoManagerTests.swift; sourceTree = "<group>"; };
		76E2B2562A53A798009333A9 /* MyLottoManagerUITests.xctest */ = {isa = PBXFileReference; explicitFileType = wrapper.cfbundle; includeInIndex = 0; path = MyLottoManagerUITests.xctest; sourceTree = BUILT_PRODUCTS_DIR; };
		76E2B25A2A53A798009333A9 /* MyLottoManagerUITests.swift */ = {isa = PBXFileReference; lastKnownFileType = sourcecode.swift; path = MyLottoManagerUITests.swift; sourceTree = "<group>"; };
		76E2B25C2A53A798009333A9 /* MyLottoManagerUITestsLaunchTests.swift */ = {isa = PBXFileReference; lastKnownFileType = sourcecode.swift; path = MyLottoManagerUITestsLaunchTests.swift; sourceTree = "<group>"; };
/* End PBXFileReference section */

/* Begin PBXFrameworksBuildPhase section */
		76E2B2302A53A796009333A9 /* Frameworks */ = {
			isa = PBXFrameworksBuildPhase;
			buildActionMask = 2147483647;
			files = (
			);
			runOnlyForDeploymentPostprocessing = 0;
		};
		76E2B2492A53A798009333A9 /* Frameworks */ = {
			isa = PBXFrameworksBuildPhase;
			buildActionMask = 2147483647;
			files = (
			);
			runOnlyForDeploymentPostprocessing = 0;
		};
		76E2B2532A53A798009333A9 /* Frameworks */ = {
			isa = PBXFrameworksBuildPhase;
			buildActionMask = 2147483647;
			files = (
			);
			runOnlyForDeploymentPostprocessing = 0;
		};
/* End PBXFrameworksBuildPhase section */

/* Begin PBXGroup section */
		761AE91E2A6911A9009907B9 /* Config */ = {
			isa = PBXGroup;
			children = (
				761AE91F2A6911C2009907B9 /* AppConfig.swift */,
			);
			path = Config;
			sourceTree = "<group>";
		};
		764D86992A7E2799003C5B05 /* Type */ = {
			isa = PBXGroup;
			children = (
				764D869A2A7E27A5003C5B05 /* AuthType.swift */,
			);
			path = Type;
			sourceTree = "<group>";
		};
		766844712A693B43009BF6FE /* Common */ = {
			isa = PBXGroup;
			children = (
				761AE91C2A69112D009907B9 /* APICaller.swift */,
				76ADCB592A6FB38B007C39C8 /* Alert.swift */,
				760F2D8B2A725BA200515C8D /* Validator.swift */,
				769A2B052A74D2CC00BF86D6 /* Keychain.swift */,
				76E0EBFB2A778D3E00F5C4B8 /* UserDefaults.swift */,
				769965AA2A7A2AEB0024FE6E /* CustomNavigationBar.swift */,
				76DC4BC12A7D1C7B00240078 /* KeyboardAdjustments.swift */,
			);
			path = Common;
			sourceTree = "<group>";
		};
		76E2B22A2A53A796009333A9 = {
			isa = PBXGroup;
			children = (
				76E2B2352A53A796009333A9 /* MyLottoManager */,
				76E2B24F2A53A798009333A9 /* MyLottoManagerTests */,
				76E2B2592A53A798009333A9 /* MyLottoManagerUITests */,
				76E2B2342A53A796009333A9 /* Products */,
			);
			sourceTree = "<group>";
		};
		76E2B2342A53A796009333A9 /* Products */ = {
			isa = PBXGroup;
			children = (
				76E2B2332A53A796009333A9 /* MyLottoManager.app */,
				76E2B24C2A53A798009333A9 /* MyLottoManagerTests.xctest */,
				76E2B2562A53A798009333A9 /* MyLottoManagerUITests.xctest */,
			);
			name = Products;
			sourceTree = "<group>";
		};
		76E2B2352A53A796009333A9 /* MyLottoManager */ = {
			isa = PBXGroup;
			children = (
				764D86992A7E2799003C5B05 /* Type */,
				766844712A693B43009BF6FE /* Common */,
				76E2B26B2A53A804009333A9 /* ViewController */,
				76E2B26A2A53A7F5009333A9 /* Delegate */,
				76E2B2692A53A7E1009333A9 /* Model */,
				76E2B2362A53A796009333A9 /* AppDelegate.swift */,
				76E2B2382A53A796009333A9 /* SceneDelegate.swift */,
				76E2B23C2A53A796009333A9 /* Main.storyboard */,
				76E2B2422A53A798009333A9 /* Assets.xcassets */,
				76E2B2442A53A798009333A9 /* LaunchScreen.storyboard */,
				76E2B2472A53A798009333A9 /* Info.plist */,
				76E2B23F2A53A796009333A9 /* MyLottoManager.xcdatamodeld */,
				761AE91E2A6911A9009907B9 /* Config */,
			);
			path = MyLottoManager;
			sourceTree = "<group>";
		};
		76E2B24F2A53A798009333A9 /* MyLottoManagerTests */ = {
			isa = PBXGroup;
			children = (
				76E2B2502A53A798009333A9 /* MyLottoManagerTests.swift */,
			);
			path = MyLottoManagerTests;
			sourceTree = "<group>";
		};
		76E2B2592A53A798009333A9 /* MyLottoManagerUITests */ = {
			isa = PBXGroup;
			children = (
				76E2B25A2A53A798009333A9 /* MyLottoManagerUITests.swift */,
				76E2B25C2A53A798009333A9 /* MyLottoManagerUITestsLaunchTests.swift */,
			);
			path = MyLottoManagerUITests;
			sourceTree = "<group>";
		};
		76E2B2692A53A7E1009333A9 /* Model */ = {
			isa = PBXGroup;
			children = (
				76BD8B312A6E353B0087E31E /* Response.swift */,
				76ADCB5E2A6FBC9D007C39C8 /* Signup.swift */,
				760F2D892A72573D00515C8D /* Login.swift */,
				76D83B302A823929003E7AF5 /* FindEmail.swift */,
			);
			path = Model;
			sourceTree = "<group>";
		};
		76E2B26A2A53A7F5009333A9 /* Delegate */ = {
			isa = PBXGroup;
			children = (
			);
			path = Delegate;
			sourceTree = "<group>";
		};
		76E2B26B2A53A804009333A9 /* ViewController */ = {
			isa = PBXGroup;
			children = (
				76E2B23A2A53A796009333A9 /* LoginViewController.swift */,
				76A92C182A5DA4D9009B5CD1 /* SignupViewController.swift */,
				768787922A73B6200007EC8D /* MainTabBarController.swift */,
				769965A82A7A24950024FE6E /* FindUserViewController.swift */,
				762A4D9C2A924054004C17F1 /* HomeViewController.swift */,
				762A4D9E2A924064004C17F1 /* LottoViewController.swift */,
				762A4DA02A924071004C17F1 /* MySettingViewController.swift */,
			);
			path = ViewController;
			sourceTree = "<group>";
		};
/* End PBXGroup section */

/* Begin PBXNativeTarget section */
		76E2B2322A53A796009333A9 /* MyLottoManager */ = {
			isa = PBXNativeTarget;
			buildConfigurationList = 76E2B2602A53A798009333A9 /* Build configuration list for PBXNativeTarget "MyLottoManager" */;
			buildPhases = (
				76E2B22F2A53A796009333A9 /* Sources */,
				76E2B2302A53A796009333A9 /* Frameworks */,
				76E2B2312A53A796009333A9 /* Resources */,
			);
			buildRules = (
			);
			dependencies = (
			);
			name = MyLottoManager;
			productName = MyLottoManager;
			productReference = 76E2B2332A53A796009333A9 /* MyLottoManager.app */;
			productType = "com.apple.product-type.application";
		};
		76E2B24B2A53A798009333A9 /* MyLottoManagerTests */ = {
			isa = PBXNativeTarget;
			buildConfigurationList = 76E2B2632A53A798009333A9 /* Build configuration list for PBXNativeTarget "MyLottoManagerTests" */;
			buildPhases = (
				76E2B2482A53A798009333A9 /* Sources */,
				76E2B2492A53A798009333A9 /* Frameworks */,
				76E2B24A2A53A798009333A9 /* Resources */,
			);
			buildRules = (
			);
			dependencies = (
				76E2B24E2A53A798009333A9 /* PBXTargetDependency */,
			);
			name = MyLottoManagerTests;
			productName = MyLottoManagerTests;
			productReference = 76E2B24C2A53A798009333A9 /* MyLottoManagerTests.xctest */;
			productType = "com.apple.product-type.bundle.unit-test";
		};
		76E2B2552A53A798009333A9 /* MyLottoManagerUITests */ = {
			isa = PBXNativeTarget;
			buildConfigurationList = 76E2B2662A53A798009333A9 /* Build configuration list for PBXNativeTarget "MyLottoManagerUITests" */;
			buildPhases = (
				76E2B2522A53A798009333A9 /* Sources */,
				76E2B2532A53A798009333A9 /* Frameworks */,
				76E2B2542A53A798009333A9 /* Resources */,
			);
			buildRules = (
			);
			dependencies = (
				76E2B2582A53A798009333A9 /* PBXTargetDependency */,
			);
			name = MyLottoManagerUITests;
			productName = MyLottoManagerUITests;
			productReference = 76E2B2562A53A798009333A9 /* MyLottoManagerUITests.xctest */;
			productType = "com.apple.product-type.bundle.ui-testing";
		};
/* End PBXNativeTarget section */

/* Begin PBXProject section */
		76E2B22B2A53A796009333A9 /* Project object */ = {
			isa = PBXProject;
			attributes = {
				BuildIndependentTargetsInParallel = 1;
				LastSwiftUpdateCheck = 1430;
				LastUpgradeCheck = 1430;
				TargetAttributes = {
					76E2B2322A53A796009333A9 = {
						CreatedOnToolsVersion = 14.3.1;
					};
					76E2B24B2A53A798009333A9 = {
						CreatedOnToolsVersion = 14.3.1;
						TestTargetID = 76E2B2322A53A796009333A9;
					};
					76E2B2552A53A798009333A9 = {
						CreatedOnToolsVersion = 14.3.1;
						TestTargetID = 76E2B2322A53A796009333A9;
					};
				};
			};
			buildConfigurationList = 76E2B22E2A53A796009333A9 /* Build configuration list for PBXProject "MyLottoManager" */;
			compatibilityVersion = "Xcode 14.0";
			developmentRegion = en;
			hasScannedForEncodings = 0;
			knownRegions = (
				en,
				Base,
			);
			mainGroup = 76E2B22A2A53A796009333A9;
			productRefGroup = 76E2B2342A53A796009333A9 /* Products */;
			projectDirPath = "";
			projectRoot = "";
			targets = (
				76E2B2322A53A796009333A9 /* MyLottoManager */,
				76E2B24B2A53A798009333A9 /* MyLottoManagerTests */,
				76E2B2552A53A798009333A9 /* MyLottoManagerUITests */,
			);
		};
/* End PBXProject section */

/* Begin PBXResourcesBuildPhase section */
		76E2B2312A53A796009333A9 /* Resources */ = {
			isa = PBXResourcesBuildPhase;
			buildActionMask = 2147483647;
			files = (
				76E2B2462A53A798009333A9 /* LaunchScreen.storyboard in Resources */,
				76E2B2432A53A798009333A9 /* Assets.xcassets in Resources */,
				76E2B23E2A53A796009333A9 /* Main.storyboard in Resources */,
			);
			runOnlyForDeploymentPostprocessing = 0;
		};
		76E2B24A2A53A798009333A9 /* Resources */ = {
			isa = PBXResourcesBuildPhase;
			buildActionMask = 2147483647;
			files = (
			);
			runOnlyForDeploymentPostprocessing = 0;
		};
		76E2B2542A53A798009333A9 /* Resources */ = {
			isa = PBXResourcesBuildPhase;
			buildActionMask = 2147483647;
			files = (
			);
			runOnlyForDeploymentPostprocessing = 0;
		};
/* End PBXResourcesBuildPhase section */

/* Begin PBXSourcesBuildPhase section */
		76E2B22F2A53A796009333A9 /* Sources */ = {
			isa = PBXSourcesBuildPhase;
			buildActionMask = 2147483647;
			files = (
				764D869B2A7E27A5003C5B05 /* AuthType.swift in Sources */,
				76ADCB5A2A6FB38B007C39C8 /* Alert.swift in Sources */,
				76E2B23B2A53A796009333A9 /* LoginViewController.swift in Sources */,
				76BD8B322A6E353B0087E31E /* Response.swift in Sources */,
				760F2D8A2A72573D00515C8D /* Login.swift in Sources */,
				762A4D9D2A924054004C17F1 /* HomeViewController.swift in Sources */,
				762A4DA12A924071004C17F1 /* MySettingViewController.swift in Sources */,
				76E0EBFC2A778D3E00F5C4B8 /* UserDefaults.swift in Sources */,
				76E2B2372A53A796009333A9 /* AppDelegate.swift in Sources */,
				76D83B312A823929003E7AF5 /* FindEmail.swift in Sources */,
				762A4D9F2A924064004C17F1 /* LottoViewController.swift in Sources */,
				76A92C192A5DA4D9009B5CD1 /* SignupViewController.swift in Sources */,
				761AE91D2A69112D009907B9 /* APICaller.swift in Sources */,
				768787932A73B6200007EC8D /* MainTabBarController.swift in Sources */,
				761AE9202A6911C2009907B9 /* AppConfig.swift in Sources */,
				76DC4BC22A7D1C7B00240078 /* KeyboardAdjustments.swift in Sources */,
				76E2B2412A53A796009333A9 /* MyLottoManager.xcdatamodeld in Sources */,
				76ADCB5F2A6FBC9D007C39C8 /* Signup.swift in Sources */,
				769965AB2A7A2AEB0024FE6E /* CustomNavigationBar.swift in Sources */,
				769965A92A7A24950024FE6E /* FindUserViewController.swift in Sources */,
				76E2B2392A53A796009333A9 /* SceneDelegate.swift in Sources */,
				760F2D8C2A725BA200515C8D /* Validator.swift in Sources */,
				769A2B062A74D2CC00BF86D6 /* Keychain.swift in Sources */,
			);
			runOnlyForDeploymentPostprocessing = 0;
		};
		76E2B2482A53A798009333A9 /* Sources */ = {
			isa = PBXSourcesBuildPhase;
			buildActionMask = 2147483647;
			files = (
				76E2B2512A53A798009333A9 /* MyLottoManagerTests.swift in Sources */,
			);
			runOnlyForDeploymentPostprocessing = 0;
		};
		76E2B2522A53A798009333A9 /* Sources */ = {
			isa = PBXSourcesBuildPhase;
			buildActionMask = 2147483647;
			files = (
				76E2B25B2A53A798009333A9 /* MyLottoManagerUITests.swift in Sources */,
				76E2B25D2A53A798009333A9 /* MyLottoManagerUITestsLaunchTests.swift in Sources */,
			);
			runOnlyForDeploymentPostprocessing = 0;
		};
/* End PBXSourcesBuildPhase section */

/* Begin PBXTargetDependency section */
		76E2B24E2A53A798009333A9 /* PBXTargetDependency */ = {
			isa = PBXTargetDependency;
			target = 76E2B2322A53A796009333A9 /* MyLottoManager */;
			targetProxy = 76E2B24D2A53A798009333A9 /* PBXContainerItemProxy */;
		};
		76E2B2582A53A798009333A9 /* PBXTargetDependency */ = {
			isa = PBXTargetDependency;
			target = 76E2B2322A53A796009333A9 /* MyLottoManager */;
			targetProxy = 76E2B2572A53A798009333A9 /* PBXContainerItemProxy */;
		};
/* End PBXTargetDependency section */

/* Begin PBXVariantGroup section */
		76E2B23C2A53A796009333A9 /* Main.storyboard */ = {
			isa = PBXVariantGroup;
			children = (
				76E2B23D2A53A796009333A9 /* Base */,
			);
			name = Main.storyboard;
			sourceTree = "<group>";
		};
		76E2B2442A53A798009333A9 /* LaunchScreen.storyboard */ = {
			isa = PBXVariantGroup;
			children = (
				76E2B2452A53A798009333A9 /* Base */,
			);
			name = LaunchScreen.storyboard;
			sourceTree = "<group>";
		};
/* End PBXVariantGroup section */

/* Begin XCBuildConfiguration section */
		76E2B25E2A53A798009333A9 /* Debug */ = {
			isa = XCBuildConfiguration;
			buildSettings = {
				ALWAYS_SEARCH_USER_PATHS = NO;
				CLANG_ANALYZER_NONNULL = YES;
				CLANG_ANALYZER_NUMBER_OBJECT_CONVERSION = YES_AGGRESSIVE;
				CLANG_CXX_LANGUAGE_STANDARD = "gnu++20";
				CLANG_ENABLE_MODULES = YES;
				CLANG_ENABLE_OBJC_ARC = YES;
				CLANG_ENABLE_OBJC_WEAK = YES;
				CLANG_WARN_BLOCK_CAPTURE_AUTORELEASING = YES;
				CLANG_WARN_BOOL_CONVERSION = YES;
				CLANG_WARN_COMMA = YES;
				CLANG_WARN_CONSTANT_CONVERSION = YES;
				CLANG_WARN_DEPRECATED_OBJC_IMPLEMENTATIONS = YES;
				CLANG_WARN_DIRECT_OBJC_ISA_USAGE = YES_ERROR;
				CLANG_WARN_DOCUMENTATION_COMMENTS = YES;
				CLANG_WARN_EMPTY_BODY = YES;
				CLANG_WARN_ENUM_CONVERSION = YES;
				CLANG_WARN_INFINITE_RECURSION = YES;
				CLANG_WARN_INT_CONVERSION = YES;
				CLANG_WARN_NON_LITERAL_NULL_CONVERSION = YES;
				CLANG_WARN_OBJC_IMPLICIT_RETAIN_SELF = YES;
				CLANG_WARN_OBJC_LITERAL_CONVERSION = YES;
				CLANG_WARN_OBJC_ROOT_CLASS = YES_ERROR;
				CLANG_WARN_QUOTED_INCLUDE_IN_FRAMEWORK_HEADER = YES;
				CLANG_WARN_RANGE_LOOP_ANALYSIS = YES;
				CLANG_WARN_STRICT_PROTOTYPES = YES;
				CLANG_WARN_SUSPICIOUS_MOVE = YES;
				CLANG_WARN_UNGUARDED_AVAILABILITY = YES_AGGRESSIVE;
				CLANG_WARN_UNREACHABLE_CODE = YES;
				CLANG_WARN__DUPLICATE_METHOD_MATCH = YES;
				COPY_PHASE_STRIP = NO;
				DEBUG_INFORMATION_FORMAT = dwarf;
				ENABLE_STRICT_OBJC_MSGSEND = YES;
				ENABLE_TESTABILITY = YES;
				GCC_C_LANGUAGE_STANDARD = gnu11;
				GCC_DYNAMIC_NO_PIC = NO;
				GCC_NO_COMMON_BLOCKS = YES;
				GCC_OPTIMIZATION_LEVEL = 0;
				GCC_PREPROCESSOR_DEFINITIONS = (
					"DEBUG=1",
					"$(inherited)",
				);
				GCC_WARN_64_TO_32_BIT_CONVERSION = YES;
				GCC_WARN_ABOUT_RETURN_TYPE = YES_ERROR;
				GCC_WARN_UNDECLARED_SELECTOR = YES;
				GCC_WARN_UNINITIALIZED_AUTOS = YES_AGGRESSIVE;
				GCC_WARN_UNUSED_FUNCTION = YES;
				GCC_WARN_UNUSED_VARIABLE = YES;
				IPHONEOS_DEPLOYMENT_TARGET = 16.4;
				MTL_ENABLE_DEBUG_INFO = INCLUDE_SOURCE;
				MTL_FAST_MATH = YES;
				ONLY_ACTIVE_ARCH = YES;
				SDKROOT = iphoneos;
				SWIFT_ACTIVE_COMPILATION_CONDITIONS = DEBUG;
				SWIFT_OPTIMIZATION_LEVEL = "-Onone";
			};
			name = Debug;
		};
		76E2B25F2A53A798009333A9 /* Release */ = {
			isa = XCBuildConfiguration;
			buildSettings = {
				ALWAYS_SEARCH_USER_PATHS = NO;
				CLANG_ANALYZER_NONNULL = YES;
				CLANG_ANALYZER_NUMBER_OBJECT_CONVERSION = YES_AGGRESSIVE;
				CLANG_CXX_LANGUAGE_STANDARD = "gnu++20";
				CLANG_ENABLE_MODULES = YES;
				CLANG_ENABLE_OBJC_ARC = YES;
				CLANG_ENABLE_OBJC_WEAK = YES;
				CLANG_WARN_BLOCK_CAPTURE_AUTORELEASING = YES;
				CLANG_WARN_BOOL_CONVERSION = YES;
				CLANG_WARN_COMMA = YES;
				CLANG_WARN_CONSTANT_CONVERSION = YES;
				CLANG_WARN_DEPRECATED_OBJC_IMPLEMENTATIONS = YES;
				CLANG_WARN_DIRECT_OBJC_ISA_USAGE = YES_ERROR;
				CLANG_WARN_DOCUMENTATION_COMMENTS = YES;
				CLANG_WARN_EMPTY_BODY = YES;
				CLANG_WARN_ENUM_CONVERSION = YES;
				CLANG_WARN_INFINITE_RECURSION = YES;
				CLANG_WARN_INT_CONVERSION = YES;
				CLANG_WARN_NON_LITERAL_NULL_CONVERSION = YES;
				CLANG_WARN_OBJC_IMPLICIT_RETAIN_SELF = YES;
				CLANG_WARN_OBJC_LITERAL_CONVERSION = YES;
				CLANG_WARN_OBJC_ROOT_CLASS = YES_ERROR;
				CLANG_WARN_QUOTED_INCLUDE_IN_FRAMEWORK_HEADER = YES;
				CLANG_WARN_RANGE_LOOP_ANALYSIS = YES;
				CLANG_WARN_STRICT_PROTOTYPES = YES;
				CLANG_WARN_SUSPICIOUS_MOVE = YES;
				CLANG_WARN_UNGUARDED_AVAILABILITY = YES_AGGRESSIVE;
				CLANG_WARN_UNREACHABLE_CODE = YES;
				CLANG_WARN__DUPLICATE_METHOD_MATCH = YES;
				COPY_PHASE_STRIP = NO;
				DEBUG_INFORMATION_FORMAT = "dwarf-with-dsym";
				ENABLE_NS_ASSERTIONS = NO;
				ENABLE_STRICT_OBJC_MSGSEND = YES;
				GCC_C_LANGUAGE_STANDARD = gnu11;
				GCC_NO_COMMON_BLOCKS = YES;
				GCC_WARN_64_TO_32_BIT_CONVERSION = YES;
				GCC_WARN_ABOUT_RETURN_TYPE = YES_ERROR;
				GCC_WARN_UNDECLARED_SELECTOR = YES;
				GCC_WARN_UNINITIALIZED_AUTOS = YES_AGGRESSIVE;
				GCC_WARN_UNUSED_FUNCTION = YES;
				GCC_WARN_UNUSED_VARIABLE = YES;
				IPHONEOS_DEPLOYMENT_TARGET = 16.4;
				MTL_ENABLE_DEBUG_INFO = NO;
				MTL_FAST_MATH = YES;
				SDKROOT = iphoneos;
				SWIFT_COMPILATION_MODE = wholemodule;
				SWIFT_OPTIMIZATION_LEVEL = "-O";
				VALIDATE_PRODUCT = YES;
			};
			name = Release;
		};
		76E2B2612A53A798009333A9 /* Debug */ = {
			isa = XCBuildConfiguration;
			buildSettings = {
				ASSETCATALOG_COMPILER_APPICON_NAME = AppIcon;
				ASSETCATALOG_COMPILER_GLOBAL_ACCENT_COLOR_NAME = AccentColor;
				CODE_SIGN_STYLE = Automatic;
				CURRENT_PROJECT_VERSION = 1;
				DEVELOPMENT_TEAM = XUPBR6WWRV;
				GENERATE_INFOPLIST_FILE = YES;
				INFOPLIST_FILE = MyLottoManager/Info.plist;
				INFOPLIST_KEY_UIApplicationSupportsIndirectInputEvents = YES;
				INFOPLIST_KEY_UILaunchStoryboardName = LaunchScreen.storyboard;
				INFOPLIST_KEY_UIMainStoryboardFile = Main;
				INFOPLIST_KEY_UISupportedInterfaceOrientations_iPad = "UIInterfaceOrientationPortrait UIInterfaceOrientationPortraitUpsideDown UIInterfaceOrientationLandscapeLeft UIInterfaceOrientationLandscapeRight";
				INFOPLIST_KEY_UISupportedInterfaceOrientations_iPhone = "UIInterfaceOrientationPortrait UIInterfaceOrientationLandscapeLeft UIInterfaceOrientationLandscapeRight";
				INFOPLIST_KEY_UIUserInterfaceStyle = Light;
				LD_RUNPATH_SEARCH_PATHS = (
					"$(inherited)",
					"@executable_path/Frameworks",
				);
				MARKETING_VERSION = 1.0;
				PRODUCT_BUNDLE_IDENTIFIER = com.dhk.MyLottoManager;
				PRODUCT_NAME = "$(TARGET_NAME)";
				SWIFT_EMIT_LOC_STRINGS = YES;
				SWIFT_VERSION = 5.0;
				TARGETED_DEVICE_FAMILY = "1,2";
			};
			name = Debug;
		};
		76E2B2622A53A798009333A9 /* Release */ = {
			isa = XCBuildConfiguration;
			buildSettings = {
				ASSETCATALOG_COMPILER_APPICON_NAME = AppIcon;
				ASSETCATALOG_COMPILER_GLOBAL_ACCENT_COLOR_NAME = AccentColor;
				CODE_SIGN_STYLE = Automatic;
				CURRENT_PROJECT_VERSION = 1;
				DEVELOPMENT_TEAM = XUPBR6WWRV;
				GENERATE_INFOPLIST_FILE = YES;
				INFOPLIST_FILE = MyLottoManager/Info.plist;
				INFOPLIST_KEY_UIApplicationSupportsIndirectInputEvents = YES;
				INFOPLIST_KEY_UILaunchStoryboardName = LaunchScreen.storyboard;
				INFOPLIST_KEY_UIMainStoryboardFile = Main;
				INFOPLIST_KEY_UISupportedInterfaceOrientations_iPad = "UIInterfaceOrientationPortrait UIInterfaceOrientationPortraitUpsideDown UIInterfaceOrientationLandscapeLeft UIInterfaceOrientationLandscapeRight";
				INFOPLIST_KEY_UISupportedInterfaceOrientations_iPhone = "UIInterfaceOrientationPortrait UIInterfaceOrientationLandscapeLeft UIInterfaceOrientationLandscapeRight";
				INFOPLIST_KEY_UIUserInterfaceStyle = Light;
				LD_RUNPATH_SEARCH_PATHS = (
					"$(inherited)",
					"@executable_path/Frameworks",
				);
				MARKETING_VERSION = 1.0;
				PRODUCT_BUNDLE_IDENTIFIER = com.dhk.MyLottoManager;
				PRODUCT_NAME = "$(TARGET_NAME)";
				SWIFT_EMIT_LOC_STRINGS = YES;
				SWIFT_VERSION = 5.0;
				TARGETED_DEVICE_FAMILY = "1,2";
			};
			name = Release;
		};
		76E2B2642A53A798009333A9 /* Debug */ = {
			isa = XCBuildConfiguration;
			buildSettings = {
				ALWAYS_EMBED_SWIFT_STANDARD_LIBRARIES = YES;
				BUNDLE_LOADER = "$(TEST_HOST)";
				CODE_SIGN_STYLE = Automatic;
				CURRENT_PROJECT_VERSION = 1;
				GENERATE_INFOPLIST_FILE = YES;
				IPHONEOS_DEPLOYMENT_TARGET = 16.4;
				MARKETING_VERSION = 1.0;
				PRODUCT_BUNDLE_IDENTIFIER = com.dhk.MyLottoManagerTests;
				PRODUCT_NAME = "$(TARGET_NAME)";
				SWIFT_EMIT_LOC_STRINGS = NO;
				SWIFT_VERSION = 5.0;
				TARGETED_DEVICE_FAMILY = "1,2";
				TEST_HOST = "$(BUILT_PRODUCTS_DIR)/MyLottoManager.app/$(BUNDLE_EXECUTABLE_FOLDER_PATH)/MyLottoManager";
			};
			name = Debug;
		};
		76E2B2652A53A798009333A9 /* Release */ = {
			isa = XCBuildConfiguration;
			buildSettings = {
				ALWAYS_EMBED_SWIFT_STANDARD_LIBRARIES = YES;
				BUNDLE_LOADER = "$(TEST_HOST)";
				CODE_SIGN_STYLE = Automatic;
				CURRENT_PROJECT_VERSION = 1;
				GENERATE_INFOPLIST_FILE = YES;
				IPHONEOS_DEPLOYMENT_TARGET = 16.4;
				MARKETING_VERSION = 1.0;
				PRODUCT_BUNDLE_IDENTIFIER = com.dhk.MyLottoManagerTests;
				PRODUCT_NAME = "$(TARGET_NAME)";
				SWIFT_EMIT_LOC_STRINGS = NO;
				SWIFT_VERSION = 5.0;
				TARGETED_DEVICE_FAMILY = "1,2";
				TEST_HOST = "$(BUILT_PRODUCTS_DIR)/MyLottoManager.app/$(BUNDLE_EXECUTABLE_FOLDER_PATH)/MyLottoManager";
			};
			name = Release;
		};
		76E2B2672A53A798009333A9 /* Debug */ = {
			isa = XCBuildConfiguration;
			buildSettings = {
				ALWAYS_EMBED_SWIFT_STANDARD_LIBRARIES = YES;
				CODE_SIGN_STYLE = Automatic;
				CURRENT_PROJECT_VERSION = 1;
				GENERATE_INFOPLIST_FILE = YES;
				MARKETING_VERSION = 1.0;
				PRODUCT_BUNDLE_IDENTIFIER = com.dhk.MyLottoManagerUITests;
				PRODUCT_NAME = "$(TARGET_NAME)";
				SWIFT_EMIT_LOC_STRINGS = NO;
				SWIFT_VERSION = 5.0;
				TARGETED_DEVICE_FAMILY = "1,2";
				TEST_TARGET_NAME = MyLottoManager;
			};
			name = Debug;
		};
		76E2B2682A53A798009333A9 /* Release */ = {
			isa = XCBuildConfiguration;
			buildSettings = {
				ALWAYS_EMBED_SWIFT_STANDARD_LIBRARIES = YES;
				CODE_SIGN_STYLE = Automatic;
				CURRENT_PROJECT_VERSION = 1;
				GENERATE_INFOPLIST_FILE = YES;
				MARKETING_VERSION = 1.0;
				PRODUCT_BUNDLE_IDENTIFIER = com.dhk.MyLottoManagerUITests;
				PRODUCT_NAME = "$(TARGET_NAME)";
				SWIFT_EMIT_LOC_STRINGS = NO;
				SWIFT_VERSION = 5.0;
				TARGETED_DEVICE_FAMILY = "1,2";
				TEST_TARGET_NAME = MyLottoManager;
			};
			name = Release;
		};
/* End XCBuildConfiguration section */

/* Begin XCConfigurationList section */
		76E2B22E2A53A796009333A9 /* Build configuration list for PBXProject "MyLottoManager" */ = {
			isa = XCConfigurationList;
			buildConfigurations = (
				76E2B25E2A53A798009333A9 /* Debug */,
				76E2B25F2A53A798009333A9 /* Release */,
			);
			defaultConfigurationIsVisible = 0;
			defaultConfigurationName = Release;
		};
		76E2B2602A53A798009333A9 /* Build configuration list for PBXNativeTarget "MyLottoManager" */ = {
			isa = XCConfigurationList;
			buildConfigurations = (
				76E2B2612A53A798009333A9 /* Debug */,
				76E2B2622A53A798009333A9 /* Release */,
			);
			defaultConfigurationIsVisible = 0;
			defaultConfigurationName = Release;
		};
		76E2B2632A53A798009333A9 /* Build configuration list for PBXNativeTarget "MyLottoManagerTests" */ = {
			isa = XCConfigurationList;
			buildConfigurations = (
				76E2B2642A53A798009333A9 /* Debug */,
				76E2B2652A53A798009333A9 /* Release */,
			);
			defaultConfigurationIsVisible = 0;
			defaultConfigurationName = Release;
		};
		76E2B2662A53A798009333A9 /* Build configuration list for PBXNativeTarget "MyLottoManagerUITests" */ = {
			isa = XCConfigurationList;
			buildConfigurations = (
				76E2B2672A53A798009333A9 /* Debug */,
				76E2B2682A53A798009333A9 /* Release */,
			);
			defaultConfigurationIsVisible = 0;
			defaultConfigurationName = Release;
		};
/* End XCConfigurationList section */

/* Begin XCVersionGroup section */
		76E2B23F2A53A796009333A9 /* MyLottoManager.xcdatamodeld */ = {
			isa = XCVersionGroup;
			children = (
				76E2B2402A53A796009333A9 /* MyLottoManager.xcdatamodel */,
			);
			currentVersion = 76E2B2402A53A796009333A9 /* MyLottoManager.xcdatamodel */;
			path = MyLottoManager.xcdatamodeld;
			sourceTree = "<group>";
			versionGroupType = wrapper.xcdatamodel;
		};
/* End XCVersionGroup section */
	};
	rootObject = 76E2B22B2A53A796009333A9 /* Project object */;
}
